// !$*UTF8*$!
{
	archiveVersion = 1;
	classes = {
	};
	objectVersion = 77;
	objects = {

/* Begin PBXBuildFile section */
		292B3D5530126C51005F4183 /* FeedbackView.swift in Sources */ = {isa = PBXBuildFile; fileRef = 292B3D5430126C50005F4183 /* FeedbackView.swift */; };
		293388A62FF31CDD0076642F /* EmergencyContactsView.swift in Sources */ = {isa = PBXBuildFile; fileRef = 293388A52FF31CDD0076642F /* EmergencyContactsView.swift */; };
		29B76C43301AA87500D1D295 /* PostcardScreen.swift in Sources */ = {isa = PBXBuildFile; fileRef = 29B76C42301AA86B00D1D295 /* PostcardScreen.swift */; };
		29B76C55301AAC7F00D1D295 /* MondayPostcardProvider.swift in Sources */ = {isa = PBXBuildFile; fileRef = 29B76C54301AAC7F00D1D295 /* MondayPostcardProvider.swift */; };
		29B76C59301B582A00D1D295 /* HanukkahPostcardProvider.swift in Sources */ = {isa = PBXBuildFile; fileRef = 29B76C58301B582500D1D295 /* HanukkahPostcardProvider.swift */; };
		29B76C5B301B6DA500D1D295 /* BirthdayGreetingView.swift in Sources */ = {isa = PBXBuildFile; fileRef = 29B76C5A301B6DA500D1D295 /* BirthdayGreetingView.swift */; };
		29B76C5D301B704500D1D295 /* ShareSheet.swift in Sources */ = {isa = PBXBuildFile; fileRef = 29B76C5C301B704500D1D295 /* ShareSheet.swift */; };
		29B76C72301BD0B000D1D295 /* HolidayContent.swift in Sources */ = {isa = PBXBuildFile; fileRef = 29B76C71301BD0B000D1D295 /* HolidayContent.swift */; };
		29B76C74301BD1F300D1D295 /* SelectedPostcard.swift in Sources */ = {isa = PBXBuildFile; fileRef = 29B76C73301BD1F300D1D295 /* SelectedPostcard.swift */; };
		29B76C7A301BD94C00D1D295 /* SundayPostcardProvider.swift in Sources */ = {isa = PBXBuildFile; fileRef = 29B76C79301BD94C00D1D295 /* SundayPostcardProvider.swift */; };
		29B76C7C301BDF9800D1D295 /* FebruaryPostcardProvider.swift in Sources */ = {isa = PBXBuildFile; fileRef = 29B76C7B301BDF9800D1D295 /* FebruaryPostcardProvider.swift */; };
		29B76C7E301BF11200D1D295 /* DecemberPostcardProvider.swift in Sources */ = {isa = PBXBuildFile; fileRef = 29B76C7D301BF11200D1D295 /* DecemberPostcardProvider.swift */; };
		29B76C80301BF9E100D1D295 /* InternationalHolidayProvider.swift in Sources */ = {isa = PBXBuildFile; fileRef = 29B76C7F301BF9E100D1D295 /* InternationalHolidayProvider.swift */; };
		29B76C82301D418000D1D295 /* OrthodoxHolidayProvider.swift in Sources */ = {isa = PBXBuildFile; fileRef = 29B76C81301D418000D1D295 /* OrthodoxHolidayProvider.swift */; };
		29B76C84301D4D8500D1D295 /* SukkotPostcardProvider..swift in Sources */ = {isa = PBXBuildFile; fileRef = 29B76C83301D4D8500D1D295 /* SukkotPostcardProvider..swift */; };
		29B76C86301D4EB900D1D295 /* JewishHolidayProvider.swift in Sources */ = {isa = PBXBuildFile; fileRef = 29B76C85301D4EB900D1D295 /* JewishHolidayProvider.swift */; };
		29B76C88301D523900D1D295 /* CatholicHolidayProvider.swift in Sources */ = {isa = PBXBuildFile; fileRef = 29B76C87301D523900D1D295 /* CatholicHolidayProvider.swift */; };
		29B76C8A301E91C000D1D295 /*  BirthdayPostcardProvider.swift in Sources */ = {isa = PBXBuildFile; fileRef = 29B76C89301E91C000D1D295 /*  BirthdayPostcardProvider.swift */; };
		29B76C8F301E9DB300D1D295 /* AugustPostcardProvider.swift in Sources */ = {isa = PBXBuildFile; fileRef = 29B76C8E301E9DB300D1D295 /* AugustPostcardProvider.swift */; };
		29B76CA330212FD700D1D295 /* HeartbeatModels.swift in Sources */ = {isa = PBXBuildFile; fileRef = 29B76CA230212FD700D1D295 /* HeartbeatModels.swift */; };
		29B76CA53021301A00D1D295 /* HeartbeatRequestBuilder.swift in Sources */ = {isa = PBXBuildFile; fileRef = 29B76CA43021301A00D1D295 /* HeartbeatRequestBuilder.swift */; };
		29B76CA73021304700D1D295 /* HeartbeatAPIClient.swift in Sources */ = {isa = PBXBuildFile; fileRef = 29B76CA63021304700D1D295 /* HeartbeatAPIClient.swift */; };
		29B76CAC302144C000D1D295 /* SeptemberPostcardProvider.swift in Sources */ = {isa = PBXBuildFile; fileRef = 29B76CAB302144C000D1D295 /* SeptemberPostcardProvider.swift */; };
		29BDC65C30082B5D00EEA736 /* CheckInNotificationManager.swift in Sources */ = {isa = PBXBuildFile; fileRef = 29BDC65B30082B5D00EEA736 /* CheckInNotificationManager.swift */; };
		29BDC65E30082BA800EEA736 /* NotificationDelegate..swift in Sources */ = {isa = PBXBuildFile; fileRef = 29BDC65D30082BA800EEA736 /* NotificationDelegate..swift */; };
		29CA8E2B2FFEF94500F59ECA /* HolidaySettingsView.swift in Sources */ = {isa = PBXBuildFile; fileRef = 29CA8E2A2FFEF94500F59ECA /* HolidaySettingsView.swift */; };
		29CA8E2D300197C900F59ECA /* ProfileView.swift in Sources */ = {isa = PBXBuildFile; fileRef = 29CA8E2C300197C800F59ECA /* ProfileView.swift */; };
		29CA8E3C3004435500F59ECA /* IntroVideoView.swift in Sources */ = {isa = PBXBuildFile; fileRef = 29CA8E3B3004435500F59ECA /* IntroVideoView.swift */; };
		29CD29F63023DBB800C72D5D /* PostcardRenderer..swift in Sources */ = {isa = PBXBuildFile; fileRef = 29CD29F53023DBB800C72D5D /* PostcardRenderer..swift */; };
		29EC86F33006AABE00E16D51 /* MessageComposerView.swift in Sources */ = {isa = PBXBuildFile; fileRef = 29EC86F23006AABE00E16D51 /* MessageComposerView.swift */; };
/* End PBXBuildFile section */

/* Begin PBXFileReference section */
		292B3D5430126C50005F4183 /* FeedbackView.swift */ = {isa = PBXFileReference; lastKnownFileType = sourcecode.swift; path = FeedbackView.swift; sourceTree = "<group>"; };
		293388A52FF31CDD0076642F /* EmergencyContactsView.swift */ = {isa = PBXFileReference; lastKnownFileType = sourcecode.swift; path = EmergencyContactsView.swift; sourceTree = "<group>"; };
		29B441A22F3BE23E00A4F417 /* MorningHello.app */ = {isa = PBXFileReference; explicitFileType = wrapper.application; includeInIndex = 0; path = MorningHello.app; sourceTree = BUILT_PRODUCTS_DIR; };
		29B76C42301AA86B00D1D295 /* PostcardScreen.swift */ = {isa = PBXFileReference; lastKnownFileType = sourcecode.swift; path = PostcardScreen.swift; sourceTree = "<group>"; };
		29B76C54301AAC7F00D1D295 /* MondayPostcardProvider.swift */ = {isa = PBXFileReference; lastKnownFileType = sourcecode.swift; path = MondayPostcardProvider.swift; sourceTree = "<group>"; };
		29B76C58301B582500D1D295 /* HanukkahPostcardProvider.swift */ = {isa = PBXFileReference; lastKnownFileType = sourcecode.swift; path = HanukkahPostcardProvider.swift; sourceTree = "<group>"; };
		29B76C5A301B6DA500D1D295 /* BirthdayGreetingView.swift */ = {isa = PBXFileReference; lastKnownFileType = sourcecode.swift; path = BirthdayGreetingView.swift; sourceTree = "<group>"; };
		29B76C5C301B704500D1D295 /* ShareSheet.swift */ = {isa = PBXFileReference; lastKnownFileType = sourcecode.swift; path = ShareSheet.swift; sourceTree = "<group>"; };
		29B76C71301BD0B000D1D295 /* HolidayContent.swift */ = {isa = PBXFileReference; lastKnownFileType = sourcecode.swift; path = HolidayContent.swift; sourceTree = "<group>"; };
		29B76C73301BD1F300D1D295 /* SelectedPostcard.swift */ = {isa = PBXFileReference; lastKnownFileType = sourcecode.swift; path = SelectedPostcard.swift; sourceTree = "<group>"; };
		29B76C79301BD94C00D1D295 /* SundayPostcardProvider.swift */ = {isa = PBXFileReference; lastKnownFileType = sourcecode.swift; path = SundayPostcardProvider.swift; sourceTree = "<group>"; };
		29B76C7B301BDF9800D1D295 /* FebruaryPostcardProvider.swift */ = {isa = PBXFileReference; lastKnownFileType = sourcecode.swift; path = FebruaryPostcardProvider.swift; sourceTree = "<group>"; };
		29B76C7D301BF11200D1D295 /* DecemberPostcardProvider.swift */ = {isa = PBXFileReference; lastKnownFileType = sourcecode.swift; path = DecemberPostcardProvider.swift; sourceTree = "<group>"; };
		29B76C7F301BF9E100D1D295 /* InternationalHolidayProvider.swift */ = {isa = PBXFileReference; lastKnownFileType = sourcecode.swift; path = InternationalHolidayProvider.swift; sourceTree = "<group>"; };
		29B76C81301D418000D1D295 /* OrthodoxHolidayProvider.swift */ = {isa = PBXFileReference; lastKnownFileType = sourcecode.swift; path = OrthodoxHolidayProvider.swift; sourceTree = "<group>"; };
		29B76C83301D4D8500D1D295 /* SukkotPostcardProvider..swift */ = {isa = PBXFileReference; lastKnownFileType = sourcecode.swift; path = SukkotPostcardProvider..swift; sourceTree = "<group>"; };
		29B76C85301D4EB900D1D295 /* JewishHolidayProvider.swift */ = {isa = PBXFileReference; lastKnownFileType = sourcecode.swift; path = JewishHolidayProvider.swift; sourceTree = "<group>"; };
		29B76C87301D523900D1D295 /* CatholicHolidayProvider.swift */ = {isa = PBXFileReference; lastKnownFileType = sourcecode.swift; path = CatholicHolidayProvider.swift; sourceTree = "<group>"; };
		29B76C89301E91C000D1D295 /*  BirthdayPostcardProvider.swift */ = {isa = PBXFileReference; lastKnownFileType = sourcecode.swift; path = " BirthdayPostcardProvider.swift"; sourceTree = "<group>"; };
		29B76C8E301E9DB300D1D295 /* AugustPostcardProvider.swift */ = {isa = PBXFileReference; lastKnownFileType = sourcecode.swift; path = AugustPostcardProvider.swift; sourceTree = "<group>"; };
		29B76CA230212FD700D1D295 /* HeartbeatModels.swift */ = {isa = PBXFileReference; lastKnownFileType = sourcecode.swift; path = HeartbeatModels.swift; sourceTree = "<group>"; };
		29B76CA43021301A00D1D295 /* HeartbeatRequestBuilder.swift */ = {isa = PBXFileReference; lastKnownFileType = sourcecode.swift; path = HeartbeatRequestBuilder.swift; sourceTree = "<group>"; };
		29B76CA63021304700D1D295 /* HeartbeatAPIClient.swift */ = {isa = PBXFileReference; lastKnownFileType = sourcecode.swift; path = HeartbeatAPIClient.swift; sourceTree = "<group>"; };
		29B76CAB302144C000D1D295 /* SeptemberPostcardProvider.swift */ = {isa = PBXFileReference; lastKnownFileType = sourcecode.swift; path = SeptemberPostcardProvider.swift; sourceTree = "<group>"; };
		29BDC65B30082B5D00EEA736 /* CheckInNotificationManager.swift */ = {isa = PBXFileReference; lastKnownFileType = sourcecode.swift; path = CheckInNotificationManager.swift; sourceTree = "<group>"; };
		29BDC65D30082BA800EEA736 /* NotificationDelegate..swift */ = {isa = PBXFileReference; lastKnownFileType = sourcecode.swift; path = NotificationDelegate..swift; sourceTree = "<group>"; };
		29CA8E2A2FFEF94500F59ECA /* HolidaySettingsView.swift */ = {isa = PBXFileReference; lastKnownFileType = sourcecode.swift; path = HolidaySettingsView.swift; sourceTree = "<group>"; };
		29CA8E2C300197C800F59ECA /* ProfileView.swift */ = {isa = PBXFileReference; lastKnownFileType = sourcecode.swift; path = ProfileView.swift; sourceTree = "<group>"; };
		29CA8E3B3004435500F59ECA /* IntroVideoView.swift */ = {isa = PBXFileReference; lastKnownFileType = sourcecode.swift; path = IntroVideoView.swift; sourceTree = "<group>"; };
		29CD29F53023DBB800C72D5D /* PostcardRenderer..swift */ = {isa = PBXFileReference; lastKnownFileType = sourcecode.swift; path = PostcardRenderer..swift; sourceTree = "<group>"; };
		29EC86F23006AABE00E16D51 /* MessageComposerView.swift */ = {isa = PBXFileReference; lastKnownFileType = sourcecode.swift; path = MessageComposerView.swift; sourceTree = "<group>"; };
/* End PBXFileReference section */

/* Begin PBXFileSystemSynchronizedBuildFileExceptionSet section */
		29B76C41301AA79700D1D295 /* Exceptions for "MorningHello" folder in "MorningHello" target */ = {
			isa = PBXFileSystemSynchronizedBuildFileExceptionSet;
			membershipExceptions = (
				Info.plist,
			);
			target = 29B441A12F3BE23E00A4F417 /* MorningHello */;
		};
/* End PBXFileSystemSynchronizedBuildFileExceptionSet section */

/* Begin PBXFileSystemSynchronizedRootGroup section */
		29B441A42F3BE23E00A4F417 /* MorningHello */ = {
			isa = PBXFileSystemSynchronizedRootGroup;
			exceptions = (
				29B76C41301AA79700D1D295 /* Exceptions for "MorningHello" folder in "MorningHello" target */,
			);
			path = MorningHello;
			sourceTree = "<group>";
		};
		29CA8E2E30043ECB00F59ECA /* Videos */ = {
			isa = PBXFileSystemSynchronizedRootGroup;
			path = Videos;
			sourceTree = "<group>";
		};
/* End PBXFileSystemSynchronizedRootGroup section */

/* Begin PBXFrameworksBuildPhase section */
		29B4419F2F3BE23E00A4F417 /* Frameworks */ = {
			isa = PBXFrameworksBuildPhase;
			buildActionMask = 2147483647;
			files = (
			);
			runOnlyForDeploymentPostprocessing = 0;
		};
/* End PBXFrameworksBuildPhase section */

/* Begin PBXGroup section */
		29B441992F3BE23E00A4F417 = {
			isa = PBXGroup;
			children = (
				29B76C78301BD31700D1D295 /* Intro */,
				29B76C77301BD2AB00D1D295 /* Views */,
				29B76C76301BD28400D1D295 /* Notifications */,
				29B76C75301BD25100D1D295 /* Sharing */,
				29B76C70301BCFEC00D1D295 /* Models */,
				29B76C44301AAB9900D1D295 /* HolidayProvider */,
				29B76CA63021304700D1D295 /* HeartbeatAPIClient.swift */,
				29B441A42F3BE23E00A4F417 /* MorningHello */,
				29B441A32F3BE23E00A4F417 /* Products */,
			);
			sourceTree = "<group>";
		};
		29B441A32F3BE23E00A4F417 /* Products */ = {
			isa = PBXGroup;
			children = (
				29B441A22F3BE23E00A4F417 /* MorningHello.app */,
			);
			name = Products;
			sourceTree = "<group>";
		};
		29B76C44301AAB9900D1D295 /* HolidayProvider */ = {
			isa = PBXGroup;
			children = (
				29B76CAA302144B200D1D295 /* September */,
				29B76C8D301E9D9600D1D295 /* August */,
				29B76C53301AAC4200D1D295 /* February */,
				29B76C50301AAC2B00D1D295 /* December */,
				29B76C4F301AAC2100D1D295 /* Sunday */,
				29B76C4E301AAC1700D1D295 /* Monday */,
				29B76C4C301AAC0000D1D295 /* International */,
				29B76C4B301AABEC00D1D295 /* Jewish */,
				29B76C4A301AABE100D1D295 /* Catholic */,
				29B76C47301AABBF00D1D295 /* Orthodox */,
				29B76C89301E91C000D1D295 /*  BirthdayPostcardProvider.swift */,
			);
			path = HolidayProvider;
			sourceTree = "<group>";
		};
		29B76C47301AABBF00D1D295 /* Orthodox */ = {
			isa = PBXGroup;
			children = (
				29B76C81301D418000D1D295 /* OrthodoxHolidayProvider.swift */,
			);
			path = Orthodox;
			sourceTree = "<group>";
		};
		29B76C4A301AABE100D1D295 /* Catholic */ = {
			isa = PBXGroup;
			children = (
				29B76C87301D523900D1D295 /* CatholicHolidayProvider.swift */,
			);
			path = Catholic;
			sourceTree = "<group>";
		};
		29B76C4B301AABEC00D1D295 /* Jewish */ = {
			isa = PBXGroup;
			children = (
				29B76C58301B582500D1D295 /* HanukkahPostcardProvider.swift */,
				29B76C83301D4D8500D1D295 /* SukkotPostcardProvider..swift */,
				29B76C85301D4EB900D1D295 /* JewishHolidayProvider.swift */,
			);
			path = Jewish;
			sourceTree = "<group>";
		};
		29B76C4C301AAC0000D1D295 /* International */ = {
			isa = PBXGroup;
			children = (
				29B76C7F301BF9E100D1D295 /* InternationalHolidayProvider.swift */,
			);
			path = International;
			sourceTree = "<group>";
		};
		29B76C4E301AAC1700D1D295 /* Monday */ = {
			isa = PBXGroup;
			children = (
				29B76C54301AAC7F00D1D295 /* MondayPostcardProvider.swift */,
			);
			path = Monday;
			sourceTree = "<group>";
		};
		29B76C4F301AAC2100D1D295 /* Sunday */ = {
			isa = PBXGroup;
			children = (
				29B76C79301BD94C00D1D295 /* SundayPostcardProvider.swift */,
			);
			path = Sunday;
			sourceTree = "<group>";
		};
		29B76C50301AAC2B00D1D295 /* December */ = {
			isa = PBXGroup;
			children = (
				29B76C7D301BF11200D1D295 /* DecemberPostcardProvider.swift */,
			);
			path = December;
			sourceTree = "<group>";
		};
		29B76C53301AAC4200D1D295 /* February */ = {
			isa = PBXGroup;
			children = (
				29B76C7B301BDF9800D1D295 /* FebruaryPostcardProvider.swift */,
			);
			path = February;
			sourceTree = "<group>";
		};
		29B76C70301BCFEC00D1D295 /* Models */ = {
			isa = PBXGroup;
			children = (
				29B76C71301BD0B000D1D295 /* HolidayContent.swift */,
				29B76C73301BD1F300D1D295 /* SelectedPostcard.swift */,
				29B76CA230212FD700D1D295 /* HeartbeatModels.swift */,
				29CD29F53023DBB800C72D5D /* PostcardRenderer..swift */,
			);
			path = Models;
			sourceTree = "<group>";
		};
		29B76C75301BD25100D1D295 /* Sharing */ = {
			isa = PBXGroup;
			children = (
				29EC86F23006AABE00E16D51 /* MessageComposerView.swift */,
				29B76C5C301B704500D1D295 /* ShareSheet.swift */,
				29B76CA43021301A00D1D295 /* HeartbeatRequestBuilder.swift */,
			);
			path = Sharing;
			sourceTree = "<group>";
		};
		29B76C76301BD28400D1D295 /* Notifications */ = {
			isa = PBXGroup;
			children = (
				29BDC65B30082B5D00EEA736 /* CheckInNotificationManager.swift */,
				29BDC65D30082BA800EEA736 /* NotificationDelegate..swift */,
			);
			path = Notifications;
			sourceTree = "<group>";
		};
		29B76C77301BD2AB00D1D295 /* Views */ = {
			isa = PBXGroup;
			children = (
				29B76C42301AA86B00D1D295 /* PostcardScreen.swift */,
				29B76C5A301B6DA500D1D295 /* BirthdayGreetingView.swift */,
				292B3D5430126C50005F4183 /* FeedbackView.swift */,
				29CA8E2A2FFEF94500F59ECA /* HolidaySettingsView.swift */,
				293388A52FF31CDD0076642F /* EmergencyContactsView.swift */,
				29CA8E2C300197C800F59ECA /* ProfileView.swift */,
			);
			path = Views;
			sourceTree = "<group>";
		};
		29B76C78301BD31700D1D295 /* Intro */ = {
			isa = PBXGroup;
			children = (
				29CA8E3B3004435500F59ECA /* IntroVideoView.swift */,
				29CA8E2E30043ECB00F59ECA /* Videos */,
			);
			path = Intro;
			sourceTree = "<group>";
		};
		29B76C8D301E9D9600D1D295 /* August */ = {
			isa = PBXGroup;
			children = (
				29B76C8E301E9DB300D1D295 /* AugustPostcardProvider.swift */,
			);
			path = August;
			sourceTree = "<group>";
		};
		29B76CAA302144B200D1D295 /* September */ = {
			isa = PBXGroup;
			children = (
				29B76CAB302144C000D1D295 /* SeptemberPostcardProvider.swift */,
			);
			path = September;
			sourceTree = "<group>";
		};
/* End PBXGroup section */

/* Begin PBXNativeTarget section */
		29B441A12F3BE23E00A4F417 /* MorningHello */ = {
			isa = PBXNativeTarget;
			buildConfigurationList = 29B441AD2F3BE24000A4F417 /* Build configuration list for PBXNativeTarget "MorningHello" */;
			buildPhases = (
				29B4419E2F3BE23E00A4F417 /* Sources */,
				29B4419F2F3BE23E00A4F417 /* Frameworks */,
				29B441A02F3BE23E00A4F417 /* Resources */,
			);
			buildRules = (
			);
			dependencies = (
			);
			fileSystemSynchronizedGroups = (
				29B441A42F3BE23E00A4F417 /* MorningHello */,
				29CA8E2E30043ECB00F59ECA /* Videos */,
			);
			name = MorningHello;
			packageProductDependencies = (
			);
			productName = MorningHello;
			productReference = 29B441A22F3BE23E00A4F417 /* MorningHello.app */;
			productType = "com.apple.product-type.application";
		};
/* End PBXNativeTarget section */

/* Begin PBXProject section */
		29B4419A2F3BE23E00A4F417 /* Project object */ = {
			isa = PBXProject;
			attributes = {
				BuildIndependentTargetsInParallel = 1;
				LastSwiftUpdateCheck = 2620;
				LastUpgradeCheck = 2620;
				TargetAttributes = {
					29B441A12F3BE23E00A4F417 = {
						CreatedOnToolsVersion = 26.2;
					};
				};
			};
			buildConfigurationList = 29B4419D2F3BE23E00A4F417 /* Build configuration list for PBXProject "MorningHello" */;
			developmentRegion = en;
			hasScannedForEncodings = 0;
			knownRegions = (
				en,
				Base,
			);
			mainGroup = 29B441992F3BE23E00A4F417;
			minimizedProjectReferenceProxies = 1;
			preferredProjectObjectVersion = 77;
			productRefGroup = 29B441A32F3BE23E00A4F417 /* Products */;
			projectDirPath = "";
			projectRoot = "";
			targets = (
				29B441A12F3BE23E00A4F417 /* MorningHello */,
			);
		};
/* End PBXProject section */

/* Begin PBXResourcesBuildPhase section */
		29B441A02F3BE23E00A4F417 /* Resources */ = {
			isa = PBXResourcesBuildPhase;
			buildActionMask = 2147483647;
			files = (
			);
			runOnlyForDeploymentPostprocessing = 0;
		};
/* End PBXResourcesBuildPhase section */

/* Begin PBXSourcesBuildPhase section */
		29B4419E2F3BE23E00A4F417 /* Sources */ = {
			isa = PBXSourcesBuildPhase;
			buildActionMask = 2147483647;
			files = (
				29B76CA53021301A00D1D295 /* HeartbeatRequestBuilder.swift in Sources */,
				29B76C7A301BD94C00D1D295 /* SundayPostcardProvider.swift in Sources */,
				29B76C72301BD0B000D1D295 /* HolidayContent.swift in Sources */,
				29B76C84301D4D8500D1D295 /* SukkotPostcardProvider..swift in Sources */,
				293388A62FF31CDD0076642F /* EmergencyContactsView.swift in Sources */,
				29B76C86301D4EB900D1D295 /* JewishHolidayProvider.swift in Sources */,
				29B76C55301AAC7F00D1D295 /* MondayPostcardProvider.swift in Sources */,
				29B76C82301D418000D1D295 /* OrthodoxHolidayProvider.swift in Sources */,
				29B76C43301AA87500D1D295 /* PostcardScreen.swift in Sources */,
				29B76C74301BD1F300D1D295 /* SelectedPostcard.swift in Sources */,
				29B76CAC302144C000D1D295 /* SeptemberPostcardProvider.swift in Sources */,
				29B76C7C301BDF9800D1D295 /* FebruaryPostcardProvider.swift in Sources */,
				29CA8E3C3004435500F59ECA /* IntroVideoView.swift in Sources */,
				29BDC65C30082B5D00EEA736 /* CheckInNotificationManager.swift in Sources */,
				29B76C88301D523900D1D295 /* CatholicHolidayProvider.swift in Sources */,
				29B76C5D301B704500D1D295 /* ShareSheet.swift in Sources */,
				29B76C80301BF9E100D1D295 /* InternationalHolidayProvider.swift in Sources */,
				29BDC65E30082BA800EEA736 /* NotificationDelegate..swift in Sources */,
				29CA8E2D300197C900F59ECA /* ProfileView.swift in Sources */,
				29B76C8F301E9DB300D1D295 /* AugustPostcardProvider.swift in Sources */,
				29EC86F33006AABE00E16D51 /* MessageComposerView.swift in Sources */,
				29CD29F63023DBB800C72D5D /* PostcardRenderer..swift in Sources */,
				29B76C8A301E91C000D1D295 /*  BirthdayPostcardProvider.swift in Sources */,
				29B76C5B301B6DA500D1D295 /* BirthdayGreetingView.swift in Sources */,
				29B76C7E301BF11200D1D295 /* DecemberPostcardProvider.swift in Sources */,
				29CA8E2B2FFEF94500F59ECA /* HolidaySettingsView.swift in Sources */,
				29B76C59301B582A00D1D295 /* HanukkahPostcardProvider.swift in Sources */,
				29B76CA330212FD700D1D295 /* HeartbeatModels.swift in Sources */,
				29B76CA73021304700D1D295 /* HeartbeatAPIClient.swift in Sources */,
				292B3D5530126C51005F4183 /* FeedbackView.swift in Sources */,
			);
			runOnlyForDeploymentPostprocessing = 0;
		};
/* End PBXSourcesBuildPhase section */

/* Begin XCBuildConfiguration section */
		29B441AB2F3BE24000A4F417 /* Debug */ = {
			isa = XCBuildConfiguration;
			buildSettings = {
				ALWAYS_SEARCH_USER_PATHS = NO;
				ASSETCATALOG_COMPILER_GENERATE_SWIFT_ASSET_SYMBOL_EXTENSIONS = YES;
				CLANG_ANALYZER_NONNULL = YES;
				CLANG_ANALYZER_NUMBER_OBJECT_CONVERSION = YES_AGGRESSIVE;
				CLANG_CXX_LANGUAGE_STANDARD = "gnu++20";
				CLANG_ENABLE_MODULES = YES;
				CLANG_ENABLE_OBJC_ARC = YES;
				CLANG_ENABLE_OBJC_WEAK = YES;
				CLANG_WARN_BLOCK_CAPTURE_AUTORELEASING = YES;
				CLANG_WARN_BOOL_CONVERSION = YES;
				CLANG_WARN_COMMA = YES;
				CLANG_WARN_CONSTANT_CONVERSION = YES;
				CLANG_WARN_DEPRECATED_OBJC_IMPLEMENTATIONS = YES;
				CLANG_WARN_DIRECT_OBJC_ISA_USAGE = YES_ERROR;
				CLANG_WARN_DOCUMENTATION_COMMENTS = YES;
				CLANG_WARN_EMPTY_BODY = YES;
				CLANG_WARN_ENUM_CONVERSION = YES;
				CLANG_WARN_INFINITE_RECURSION = YES;
				CLANG_WARN_INT_CONVERSION = YES;
				CLANG_WARN_NON_LITERAL_NULL_CONVERSION = YES;
				CLANG_WARN_OBJC_IMPLICIT_RETAIN_SELF = YES;
				CLANG_WARN_OBJC_LITERAL_CONVERSION = YES;
				CLANG_WARN_OBJC_ROOT_CLASS = YES_ERROR;
				CLANG_WARN_QUOTED_INCLUDE_IN_FRAMEWORK_HEADER = YES;
				CLANG_WARN_RANGE_LOOP_ANALYSIS = YES;
				CLANG_WARN_STRICT_PROTOTYPES = YES;
				CLANG_WARN_SUSPICIOUS_MOVE = YES;
				CLANG_WARN_UNGUARDED_AVAILABILITY = YES_AGGRESSIVE;
				CLANG_WARN_UNREACHABLE_CODE = YES;
				CLANG_WARN__DUPLICATE_METHOD_MATCH = YES;
				COPY_PHASE_STRIP = NO;
				DEBUG_INFORMATION_FORMAT = dwarf;
				ENABLE_STRICT_OBJC_MSGSEND = YES;
				ENABLE_TESTABILITY = YES;
				ENABLE_USER_SCRIPT_SANDBOXING = YES;
				GCC_C_LANGUAGE_STANDARD = gnu17;
				GCC_DYNAMIC_NO_PIC = NO;
				GCC_NO_COMMON_BLOCKS = YES;
				GCC_OPTIMIZATION_LEVEL = 0;
				GCC_PREPROCESSOR_DEFINITIONS = (
					"DEBUG=1",
					"$(inherited)",
				);
				GCC_WARN_64_TO_32_BIT_CONVERSION = YES;
				GCC_WARN_ABOUT_RETURN_TYPE = YES_ERROR;
				GCC_WARN_UNDECLARED_SELECTOR = YES;
				GCC_WARN_UNINITIALIZED_AUTOS = YES_AGGRESSIVE;
				GCC_WARN_UNUSED_FUNCTION = YES;
				GCC_WARN_UNUSED_VARIABLE = YES;
				IPHONEOS_DEPLOYMENT_TARGET = 26.2;
				LOCALIZATION_PREFERS_STRING_CATALOGS = YES;
				MTL_ENABLE_DEBUG_INFO = INCLUDE_SOURCE;
				MTL_FAST_MATH = YES;
				ONLY_ACTIVE_ARCH = YES;
				SDKROOT = iphoneos;
				SWIFT_ACTIVE_COMPILATION_CONDITIONS = "DEBUG $(inherited)";
				SWIFT_OPTIMIZATION_LEVEL = "-Onone";
			};
			name = Debug;
		};
		29B441AC2F3BE24000A4F417 /* Release */ = {
			isa = XCBuildConfiguration;
			buildSettings = {
				ALWAYS_SEARCH_USER_PATHS = NO;
				ASSETCATALOG_COMPILER_GENERATE_SWIFT_ASSET_SYMBOL_EXTENSIONS = YES;
				CLANG_ANALYZER_NONNULL = YES;
				CLANG_ANALYZER_NUMBER_OBJECT_CONVERSION = YES_AGGRESSIVE;
				CLANG_CXX_LANGUAGE_STANDARD = "gnu++20";
				CLANG_ENABLE_MODULES = YES;
				CLANG_ENABLE_OBJC_ARC = YES;
				CLANG_ENABLE_OBJC_WEAK = YES;
				CLANG_WARN_BLOCK_CAPTURE_AUTORELEASING = YES;
				CLANG_WARN_BOOL_CONVERSION = YES;
				CLANG_WARN_COMMA = YES;
				CLANG_WARN_CONSTANT_CONVERSION = YES;
				CLANG_WARN_DEPRECATED_OBJC_IMPLEMENTATIONS = YES;
				CLANG_WARN_DIRECT_OBJC_ISA_USAGE = YES_ERROR;
				CLANG_WARN_DOCUMENTATION_COMMENTS = YES;
				CLANG_WARN_EMPTY_BODY = YES;
				CLANG_WARN_ENUM_CONVERSION = YES;
				CLANG_WARN_INFINITE_RECURSION = YES;
				CLANG_WARN_INT_CONVERSION = YES;
				CLANG_WARN_NON_LITERAL_NULL_CONVERSION = YES;
				CLANG_WARN_OBJC_IMPLICIT_RETAIN_SELF = YES;
				CLANG_WARN_OBJC_LITERAL_CONVERSION = YES;
				CLANG_WARN_OBJC_ROOT_CLASS = YES_ERROR;
				CLANG_WARN_QUOTED_INCLUDE_IN_FRAMEWORK_HEADER = YES;
				CLANG_WARN_RANGE_LOOP_ANALYSIS = YES;
				CLANG_WARN_STRICT_PROTOTYPES = YES;
				CLANG_WARN_SUSPICIOUS_MOVE = YES;
				CLANG_WARN_UNGUARDED_AVAILABILITY = YES_AGGRESSIVE;
				CLANG_WARN_UNREACHABLE_CODE = YES;
				CLANG_WARN__DUPLICATE_METHOD_MATCH = YES;
				COPY_PHASE_STRIP = NO;
				DEBUG_INFORMATION_FORMAT = "dwarf-with-dsym";
				ENABLE_NS_ASSERTIONS = NO;
				ENABLE_STRICT_OBJC_MSGSEND = YES;
				ENABLE_USER_SCRIPT_SANDBOXING = YES;
				GCC_C_LANGUAGE_STANDARD = gnu17;
				GCC_NO_COMMON_BLOCKS = YES;
				GCC_WARN_64_TO_32_BIT_CONVERSION = YES;
				GCC_WARN_ABOUT_RETURN_TYPE = YES_ERROR;
				GCC_WARN_UNDECLARED_SELECTOR = YES;
				GCC_WARN_UNINITIALIZED_AUTOS = YES_AGGRESSIVE;
				GCC_WARN_UNUSED_FUNCTION = YES;
				GCC_WARN_UNUSED_VARIABLE = YES;
				IPHONEOS_DEPLOYMENT_TARGET = 26.2;
				LOCALIZATION_PREFERS_STRING_CATALOGS = YES;
				MTL_ENABLE_DEBUG_INFO = NO;
				MTL_FAST_MATH = YES;
				SDKROOT = iphoneos;
				SWIFT_COMPILATION_MODE = wholemodule;
				VALIDATE_PRODUCT = YES;
			};
			name = Release;
		};
		29B441AE2F3BE24000A4F417 /* Debug */ = {
			isa = XCBuildConfiguration;
			buildSettings = {
				ASSETCATALOG_COMPILER_APPICON_NAME = AppIcon;
				ASSETCATALOG_COMPILER_GLOBAL_ACCENT_COLOR_NAME = AccentColor;
				CODE_SIGN_STYLE = Automatic;
				CURRENT_PROJECT_VERSION = 1;
				DEVELOPMENT_TEAM = 84MJTX9554;
				ENABLE_PREVIEWS = YES;
				GENERATE_INFOPLIST_FILE = YES;
				INFOPLIST_FILE = MorningHello/Info.plist;
				INFOPLIST_KEY_UIApplicationSceneManifest_Generation = YES;
				INFOPLIST_KEY_UIApplicationSupportsIndirectInputEvents = YES;
				INFOPLIST_KEY_UILaunchScreen_Generation = YES;
				INFOPLIST_KEY_UISupportedInterfaceOrientations_iPad = "UIInterfaceOrientationPortrait UIInterfaceOrientationPortraitUpsideDown UIInterfaceOrientationLandscapeLeft UIInterfaceOrientationLandscapeRight";
				INFOPLIST_KEY_UISupportedInterfaceOrientations_iPhone = "UIInterfaceOrientationPortrait UIInterfaceOrientationLandscapeLeft UIInterfaceOrientationLandscapeRight";
				LD_RUNPATH_SEARCH_PATHS = (
					"$(inherited)",
					"@executable_path/Frameworks",
				);
				MARKETING_VERSION = 1.0;
				PRODUCT_BUNDLE_IDENTIFIER = com.oxana.morninghello;
				PRODUCT_NAME = "$(TARGET_NAME)";
				STRING_CATALOG_GENERATE_SYMBOLS = YES;
				SWIFT_APPROACHABLE_CONCURRENCY = YES;
				SWIFT_DEFAULT_ACTOR_ISOLATION = MainActor;
				SWIFT_EMIT_LOC_STRINGS = YES;
				SWIFT_UPCOMING_FEATURE_MEMBER_IMPORT_VISIBILITY = YES;
				SWIFT_VERSION = 5.0;
				TARGETED_DEVICE_FAMILY = "1,2";
			};
			name = Debug;
		};
		29B441AF2F3BE24000A4F417 /* Release */ = {
			isa = XCBuildConfiguration;
			buildSettings = {
				ASSETCATALOG_COMPILER_APPICON_NAME = AppIcon;
				ASSETCATALOG_COMPILER_GLOBAL_ACCENT_COLOR_NAME = AccentColor;
				CODE_SIGN_STYLE = Automatic;
				CURRENT_PROJECT_VERSION = 1;
				DEVELOPMENT_TEAM = 84MJTX9554;
				ENABLE_PREVIEWS = YES;
				GENERATE_INFOPLIST_FILE = YES;
				INFOPLIST_FILE = MorningHello/Info.plist;
				INFOPLIST_KEY_UIApplicationSceneManifest_Generation = YES;
				INFOPLIST_KEY_UIApplicationSupportsIndirectInputEvents = YES;
				INFOPLIST_KEY_UILaunchScreen_Generation = YES;
				INFOPLIST_KEY_UISupportedInterfaceOrientations_iPad = "UIInterfaceOrientationPortrait UIInterfaceOrientationPortraitUpsideDown UIInterfaceOrientationLandscapeLeft UIInterfaceOrientationLandscapeRight";
				INFOPLIST_KEY_UISupportedInterfaceOrientations_iPhone = "UIInterfaceOrientationPortrait UIInterfaceOrientationLandscapeLeft UIInterfaceOrientationLandscapeRight";
				LD_RUNPATH_SEARCH_PATHS = (
					"$(inherited)",
					"@executable_path/Frameworks",
				);
				MARKETING_VERSION = 1.0;
				PRODUCT_BUNDLE_IDENTIFIER = com.oxana.morninghello;
				PRODUCT_NAME = "$(TARGET_NAME)";
				STRING_CATALOG_GENERATE_SYMBOLS = YES;
				SWIFT_APPROACHABLE_CONCURRENCY = YES;
				SWIFT_DEFAULT_ACTOR_ISOLATION = MainActor;
				SWIFT_EMIT_LOC_STRINGS = YES;
				SWIFT_UPCOMING_FEATURE_MEMBER_IMPORT_VISIBILITY = YES;
				SWIFT_VERSION = 5.0;
				TARGETED_DEVICE_FAMILY = "1,2";
			};
			name = Release;
		};
/* End XCBuildConfiguration section */

/* Begin XCConfigurationList section */
		29B4419D2F3BE23E00A4F417 /* Build configuration list for PBXProject "MorningHello" */ = {
			isa = XCConfigurationList;
			buildConfigurations = (
				29B441AB2F3BE24000A4F417 /* Debug */,
				29B441AC2F3BE24000A4F417 /* Release */,
			);
			defaultConfigurationIsVisible = 0;
			defaultConfigurationName = Release;
		};
		29B441AD2F3BE24000A4F417 /* Build configuration list for PBXNativeTarget "MorningHello" */ = {
			isa = XCConfigurationList;
			buildConfigurations = (
				29B441AE2F3BE24000A4F417 /* Debug */,
				29B441AF2F3BE24000A4F417 /* Release */,
			);
			defaultConfigurationIsVisible = 0;
			defaultConfigurationName = Release;
		};
/* End XCConfigurationList section */
	};
	rootObject = 29B4419A2F3BE23E00A4F417 /* Project object */;
}
